
Microsoft Visual Studio Solution File, Format Version 12.00
# Visual Studio 15
VisualStudioVersion = 15.0.27130.2024
MinimumVisualStudioVersion = 10.0.40219.1
Project("{888888A0-9F3D-457C-B088-3A5042F75D52}") = "KrogerCoupons", "KrogerCoupons\KrogerCoupons.pyproj", "{4BE27C70-5398-4A40-B521-1A6F102121DC}"
EndProject
Global
	GlobalSection(SolutionConfigurationPlatforms) = preSolution
		Debug|Any CPU = Debug|Any CPU
		Release|Any CPU = Release|Any CPU
	EndGlobalSection
	GlobalSection(ProjectConfigurationPlatforms) = postSolution
		{4BE27C70-5398-4A40-B521-1A6F102121DC}.Debug|Any CPU.ActiveCfg = Debug|Any CPU
		{4BE27C70-5398-4A40-B521-1A6F102121DC}.Release|Any CPU.ActiveCfg = Release|Any CPU
	EndGlobalSection
	GlobalSection(SolutionProperties) = preSolution
		HideSolutionNode = FALSE
	EndGlobalSection
	GlobalSection(ExtensibilityGlobals) = postSolution
		SolutionGuid = {E6E7F324-EDBD-4AA0-8BEB-60B89DCDF93A}
	EndGlobalSection
EndGlobal
